
Microsoft Visual Studio Solution File, Format Version 12.00
# Visual Studio Version 17
VisualStudioVersion = 17.8.34330.188
MinimumVisualStudioVersion = 10.0.40219.1
Project("{2150E333-8FDC-42A3-9474-1A3956D46DE8}") = "Application", "Application", "{442E6F5B-87CA-4B27-BE86-BD72A2CA80F6}"
EndProject
Project("{2150E333-8FDC-42A3-9474-1A3956D46DE8}") = "Presentation", "Presentation", "{F0DC8BC7-B500-46D7-A8F4-157BA6374A8C}"
EndProject
Project("{9A19103F-16F7-4668-BE54-9A1E7A4F7556}") = "UdpChat.Core", "UdpChat.Core\UdpChat.Core.csproj", "{2C230BCE-45A4-4637-B3C4-DB9C2D24F3EE}"
EndProject
Project("{9A19103F-16F7-4668-BE54-9A1E7A4F7556}") = "UdpChat.View", "UdpChat.View\UdpChat.View.csproj", "{FA63AF87-ABEE-40E2-9116-9F87058CAD87}"
EndProject
Project("{FAE04EC0-301F-11D3-BF4B-00C04F79EFBC}") = "UdpChat.Services", "UdpChat.Services\UdpChat.Services.csproj", "{9D84C62D-F11E-42C2-BB74-3C9758D39120}"
EndProject
Global
	GlobalSection(SolutionConfigurationPlatforms) = preSolution
		Debug|Any CPU = Debug|Any CPU
		Release|Any CPU = Release|Any CPU
	EndGlobalSection
	GlobalSection(ProjectConfigurationPlatforms) = postSolution
		{2C230BCE-45A4-4637-B3C4-DB9C2D24F3EE}.Debug|Any CPU.ActiveCfg = Debug|Any CPU
		{2C230BCE-45A4-4637-B3C4-DB9C2D24F3EE}.Debug|Any CPU.Build.0 = Debug|Any CPU
		{2C230BCE-45A4-4637-B3C4-DB9C2D24F3EE}.Release|Any CPU.ActiveCfg = Release|Any CPU
		{2C230BCE-45A4-4637-B3C4-DB9C2D24F3EE}.Release|Any CPU.Build.0 = Release|Any CPU
		{FA63AF87-ABEE-40E2-9116-9F87058CAD87}.Debug|Any CPU.ActiveCfg = Debug|Any CPU
		{FA63AF87-ABEE-40E2-9116-9F87058CAD87}.Debug|Any CPU.Build.0 = Debug|Any CPU
		{FA63AF87-ABEE-40E2-9116-9F87058CAD87}.Debug|Any CPU.Deploy.0 = Debug|Any CPU
		{FA63AF87-ABEE-40E2-9116-9F87058CAD87}.Release|Any CPU.ActiveCfg = Release|Any CPU
		{FA63AF87-ABEE-40E2-9116-9F87058CAD87}.Release|Any CPU.Build.0 = Release|Any CPU
		{9D84C62D-F11E-42C2-BB74-3C9758D39120}.Debug|Any CPU.ActiveCfg = Debug|Any CPU
		{9D84C62D-F11E-42C2-BB74-3C9758D39120}.Debug|Any CPU.Build.0 = Debug|Any CPU
		{9D84C62D-F11E-42C2-BB74-3C9758D39120}.Release|Any CPU.ActiveCfg = Release|Any CPU
		{9D84C62D-F11E-42C2-BB74-3C9758D39120}.Release|Any CPU.Build.0 = Release|Any CPU
	EndGlobalSection
	GlobalSection(SolutionProperties) = preSolution
		HideSolutionNode = FALSE
	EndGlobalSection
	GlobalSection(NestedProjects) = preSolution
		{2C230BCE-45A4-4637-B3C4-DB9C2D24F3EE} = {442E6F5B-87CA-4B27-BE86-BD72A2CA80F6}
		{FA63AF87-ABEE-40E2-9116-9F87058CAD87} = {F0DC8BC7-B500-46D7-A8F4-157BA6374A8C}
		{9D84C62D-F11E-42C2-BB74-3C9758D39120} = {442E6F5B-87CA-4B27-BE86-BD72A2CA80F6}
	EndGlobalSection
	GlobalSection(ExtensibilityGlobals) = postSolution
		SolutionGuid = {70B47CEF-C982-4E9E-8041-D093C70F2E2C}
	EndGlobalSection
EndGlobal
