
Microsoft Visual Studio Solution File, Format Version 12.00
# Visual Studio Version 17
VisualStudioVersion = 17.8.34330.188
MinimumVisualStudioVersion = 10.0.40219.1
Project("{9A19103F-16F7-4668-BE54-9A1E7A4F7556}") = "UdpChat.Presentation", "UdpChat.Presentation.csproj", "{DFF8F6B2-C9BB-41AD-B6F9-AD4F3146F06A}"
EndProject
Project("{9A19103F-16F7-4668-BE54-9A1E7A4F7556}") = "UdpChat.Core", "..\UdpChat.Core\UdpChat.Core.csproj", "{7AD7406F-5EE2-48A9-9DF0-8A06901B0D4C}"
EndProject
Project("{9A19103F-16F7-4668-BE54-9A1E7A4F7556}") = "UdpChat.Service", "..\UdpChat.Service\UdpChat.Service.csproj", "{ABE73973-190B-4B6E-A2F6-B71FB329EA21}"
EndProject
Global
	GlobalSection(SolutionConfigurationPlatforms) = preSolution
		Debug|Any CPU = Debug|Any CPU
		Release|Any CPU = Release|Any CPU
	EndGlobalSection
	GlobalSection(ProjectConfigurationPlatforms) = postSolution
		{DFF8F6B2-C9BB-41AD-B6F9-AD4F3146F06A}.Debug|Any CPU.ActiveCfg = Debug|Any CPU
		{DFF8F6B2-C9BB-41AD-B6F9-AD4F3146F06A}.Debug|Any CPU.Build.0 = Debug|Any CPU
		{DFF8F6B2-C9BB-41AD-B6F9-AD4F3146F06A}.Debug|Any CPU.Deploy.0 = Debug|Any CPU
		{DFF8F6B2-C9BB-41AD-B6F9-AD4F3146F06A}.Release|Any CPU.ActiveCfg = Release|Any CPU
		{DFF8F6B2-C9BB-41AD-B6F9-AD4F3146F06A}.Release|Any CPU.Build.0 = Release|Any CPU
		{7AD7406F-5EE2-48A9-9DF0-8A06901B0D4C}.Debug|Any CPU.ActiveCfg = Debug|Any CPU
		{7AD7406F-5EE2-48A9-9DF0-8A06901B0D4C}.Debug|Any CPU.Build.0 = Debug|Any CPU
		{7AD7406F-5EE2-48A9-9DF0-8A06901B0D4C}.Release|Any CPU.ActiveCfg = Release|Any CPU
		{7AD7406F-5EE2-48A9-9DF0-8A06901B0D4C}.Release|Any CPU.Build.0 = Release|Any CPU
		{ABE73973-190B-4B6E-A2F6-B71FB329EA21}.Debug|Any CPU.ActiveCfg = Debug|Any CPU
		{ABE73973-190B-4B6E-A2F6-B71FB329EA21}.Debug|Any CPU.Build.0 = Debug|Any CPU
		{ABE73973-190B-4B6E-A2F6-B71FB329EA21}.Release|Any CPU.ActiveCfg = Release|Any CPU
		{ABE73973-190B-4B6E-A2F6-B71FB329EA21}.Release|Any CPU.Build.0 = Release|Any CPU
	EndGlobalSection
	GlobalSection(SolutionProperties) = preSolution
		HideSolutionNode = FALSE
	EndGlobalSection
	GlobalSection(ExtensibilityGlobals) = postSolution
		SolutionGuid = {70B47CEF-C982-4E9E-8041-D093C70F2E2C}
	EndGlobalSection
EndGlobal
